{
  "name": "mac-app-menu-electron",
  "version": "1.0.0",
  "lockfileVersion": 1,
  "requires": true,
  "dependencies": {
    "electron-default-menu": {
      "version": "1.0.2",
      "resolved": "https://registry.npmjs.org/electron-default-menu/-/electron-default-menu-1.0.2.tgz",
      "integrity": "sha512-YAL/UNR3kPG58wOOlmDpTG3i6+bzwhHx6NllIOaLuVrU7uYifeYGGdk5IH2Hap4wVEx2YTA8cqQ2PGSplYwDWQ=="
    }
  }
}
